
Microsoft Visual Studio Solution File, Format Version 12.00
# Visual Studio Version 17
VisualStudioVersion = 17.14.36414.22 d17.14
MinimumVisualStudioVersion = 10.0.40219.1
Project("{FAE04EC0-301F-11D3-BF4B-00C04F79EFBC}") = "MunicipalServices", "MunicipalServices\MunicipalServices.csproj", "{969AFC3C-FA75-4480-BFFF-4F23F492558A}"
EndProject
Global
	GlobalSection(SolutionConfigurationPlatforms) = preSolution
		Debug|Any CPU = Debug|Any CPU
		Release|Any CPU = Release|Any CPU
	EndGlobalSection
	GlobalSection(ProjectConfigurationPlatforms) = postSolution
		{969AFC3C-FA75-4480-BFFF-4F23F492558A}.Debug|Any CPU.ActiveCfg = Debug|Any CPU
		{969AFC3C-FA75-4480-BFFF-4F23F492558A}.Debug|Any CPU.Build.0 = Debug|Any CPU
		{969AFC3C-FA75-4480-BFFF-4F23F492558A}.Release|Any CPU.ActiveCfg = Release|Any CPU
		{969AFC3C-FA75-4480-BFFF-4F23F492558A}.Release|Any CPU.Build.0 = Release|Any CPU
	EndGlobalSection
	GlobalSection(SolutionProperties) = preSolution
		HideSolutionNode = FALSE
	EndGlobalSection
	GlobalSection(ExtensibilityGlobals) = postSolution
		SolutionGuid = {3B5C8E4E-8099-494D-BFEE-E3912F58B577}
	EndGlobalSection
EndGlobal
